
Microsoft Visual Studio Solution File, Format Version 12.00
# Visual Studio Version 17
VisualStudioVersion = 17.10.35013.160
MinimumVisualStudioVersion = 10.0.40219.1
Project("{FAE04EC0-301F-11D3-BF4B-00C04F79EFBC}") = "ConstructorDependencyInjectionExample", "DependencyInjectionExample\ConstructorDependencyInjectionExample.csproj", "{F1D98518-83EF-4D73-BACD-251F5F40B195}"
EndProject
Project("{FAE04EC0-301F-11D3-BF4B-00C04F79EFBC}") = "PropertyDependencyInjectionExample", "PropertyDependencyInjectionExample\PropertyDependencyInjectionExample.csproj", "{D84952C4-891A-4CDF-9889-534FA9A3B371}"
EndProject
Project("{FAE04EC0-301F-11D3-BF4B-00C04F79EFBC}") = "MethodDependencyInjectionExample", "MethodDependencyInjectionExample\MethodDependencyInjectionExample.csproj", "{0A2A0E94-DF12-4EC9-B141-50CD69C751FC}"
EndProject
Global
	GlobalSection(SolutionConfigurationPlatforms) = preSolution
		Debug|Any CPU = Debug|Any CPU
		Release|Any CPU = Release|Any CPU
	EndGlobalSection
	GlobalSection(ProjectConfigurationPlatforms) = postSolution
		{F1D98518-83EF-4D73-BACD-251F5F40B195}.Debug|Any CPU.ActiveCfg = Debug|Any CPU
		{F1D98518-83EF-4D73-BACD-251F5F40B195}.Debug|Any CPU.Build.0 = Debug|Any CPU
		{F1D98518-83EF-4D73-BACD-251F5F40B195}.Release|Any CPU.ActiveCfg = Release|Any CPU
		{F1D98518-83EF-4D73-BACD-251F5F40B195}.Release|Any CPU.Build.0 = Release|Any CPU
		{D84952C4-891A-4CDF-9889-534FA9A3B371}.Debug|Any CPU.ActiveCfg = Debug|Any CPU
		{D84952C4-891A-4CDF-9889-534FA9A3B371}.Debug|Any CPU.Build.0 = Debug|Any CPU
		{D84952C4-891A-4CDF-9889-534FA9A3B371}.Release|Any CPU.ActiveCfg = Release|Any CPU
		{D84952C4-891A-4CDF-9889-534FA9A3B371}.Release|Any CPU.Build.0 = Release|Any CPU
		{0A2A0E94-DF12-4EC9-B141-50CD69C751FC}.Debug|Any CPU.ActiveCfg = Debug|Any CPU
		{0A2A0E94-DF12-4EC9-B141-50CD69C751FC}.Debug|Any CPU.Build.0 = Debug|Any CPU
		{0A2A0E94-DF12-4EC9-B141-50CD69C751FC}.Release|Any CPU.ActiveCfg = Release|Any CPU
		{0A2A0E94-DF12-4EC9-B141-50CD69C751FC}.Release|Any CPU.Build.0 = Release|Any CPU
	EndGlobalSection
	GlobalSection(SolutionProperties) = preSolution
		HideSolutionNode = FALSE
	EndGlobalSection
	GlobalSection(ExtensibilityGlobals) = postSolution
		SolutionGuid = {8962ACD4-2F7C-43D2-9882-7F38CE2D51BD}
	EndGlobalSection
EndGlobal
